
Microsoft Visual Studio Solution File, Format Version 12.00
# Visual Studio 15
VisualStudioVersion = 15.0.27428.2037
MinimumVisualStudioVersion = 10.0.40219.1
Project("{FAE04EC0-301F-11D3-BF4B-00C04F79EFBC}") = "Source", "Source\Source.csproj", "{1BFE1A6D-D3CE-4EEB-A218-823DDB7C532B}"
EndProject
Project("{FAE04EC0-301F-11D3-BF4B-00C04F79EFBC}") = "Source_2", "Source_2\Source_2.csproj", "{E35A691A-662E-4D33-BBEB-3CCA32D32EEA}"
EndProject
Project("{FAE04EC0-301F-11D3-BF4B-00C04F79EFBC}") = "Source_3", "Source_3\Source_3.csproj", "{B1867B79-333B-413A-B266-42AE5D816648}"
EndProject
Project("{FAE04EC0-301F-11D3-BF4B-00C04F79EFBC}") = "Source_4", "Source_4\Source_4.csproj", "{91735A6D-AD7E-4200-88A3-531A8D1B639B}"
EndProject
Project("{FAE04EC0-301F-11D3-BF4B-00C04F79EFBC}") = "Source_5", "Source_5\Source_5.csproj", "{757A0C76-BA67-4D16-96C6-7302178FB1AE}"
EndProject
Global
	GlobalSection(SolutionConfigurationPlatforms) = preSolution
		Debug|Any CPU = Debug|Any CPU
		Debug|x64 = Debug|x64
		Debug|x86 = Debug|x86
		Release|Any CPU = Release|Any CPU
		Release|x64 = Release|x64
		Release|x86 = Release|x86
	EndGlobalSection
	GlobalSection(ProjectConfigurationPlatforms) = postSolution
		{1BFE1A6D-D3CE-4EEB-A218-823DDB7C532B}.Debug|Any CPU.ActiveCfg = Debug|Any CPU
		{1BFE1A6D-D3CE-4EEB-A218-823DDB7C532B}.Debug|Any CPU.Build.0 = Debug|Any CPU
		{1BFE1A6D-D3CE-4EEB-A218-823DDB7C532B}.Debug|x64.ActiveCfg = Debug|Any CPU
		{1BFE1A6D-D3CE-4EEB-A218-823DDB7C532B}.Debug|x64.Build.0 = Debug|Any CPU
		{1BFE1A6D-D3CE-4EEB-A218-823DDB7C532B}.Debug|x86.ActiveCfg = Debug|Any CPU
		{1BFE1A6D-D3CE-4EEB-A218-823DDB7C532B}.Debug|x86.Build.0 = Debug|Any CPU
		{1BFE1A6D-D3CE-4EEB-A218-823DDB7C532B}.Release|Any CPU.ActiveCfg = Release|Any CPU
		{1BFE1A6D-D3CE-4EEB-A218-823DDB7C532B}.Release|Any CPU.Build.0 = Release|Any CPU
		{1BFE1A6D-D3CE-4EEB-A218-823DDB7C532B}.Release|x64.ActiveCfg = Release|Any CPU
		{1BFE1A6D-D3CE-4EEB-A218-823DDB7C532B}.Release|x64.Build.0 = Release|Any CPU
		{1BFE1A6D-D3CE-4EEB-A218-823DDB7C532B}.Release|x86.ActiveCfg = Release|Any CPU
		{1BFE1A6D-D3CE-4EEB-A218-823DDB7C532B}.Release|x86.Build.0 = Release|Any CPU
		{E35A691A-662E-4D33-BBEB-3CCA32D32EEA}.Debug|Any CPU.ActiveCfg = Debug|Any CPU
		{E35A691A-662E-4D33-BBEB-3CCA32D32EEA}.Debug|Any CPU.Build.0 = Debug|Any CPU
		{E35A691A-662E-4D33-BBEB-3CCA32D32EEA}.Debug|x64.ActiveCfg = Debug|Any CPU
		{E35A691A-662E-4D33-BBEB-3CCA32D32EEA}.Debug|x64.Build.0 = Debug|Any CPU
		{E35A691A-662E-4D33-BBEB-3CCA32D32EEA}.Debug|x86.ActiveCfg = Debug|Any CPU
		{E35A691A-662E-4D33-BBEB-3CCA32D32EEA}.Debug|x86.Build.0 = Debug|Any CPU
		{E35A691A-662E-4D33-BBEB-3CCA32D32EEA}.Release|Any CPU.ActiveCfg = Release|Any CPU
		{E35A691A-662E-4D33-BBEB-3CCA32D32EEA}.Release|Any CPU.Build.0 = Release|Any CPU
		{E35A691A-662E-4D33-BBEB-3CCA32D32EEA}.Release|x64.ActiveCfg = Release|Any CPU
		{E35A691A-662E-4D33-BBEB-3CCA32D32EEA}.Release|x64.Build.0 = Release|Any CPU
		{E35A691A-662E-4D33-BBEB-3CCA32D32EEA}.Release|x86.ActiveCfg = Release|Any CPU
		{E35A691A-662E-4D33-BBEB-3CCA32D32EEA}.Release|x86.Build.0 = Release|Any CPU
		{B1867B79-333B-413A-B266-42AE5D816648}.Debug|Any CPU.ActiveCfg = Debug|Any CPU
		{B1867B79-333B-413A-B266-42AE5D816648}.Debug|Any CPU.Build.0 = Debug|Any CPU
		{B1867B79-333B-413A-B266-42AE5D816648}.Debug|x64.ActiveCfg = Debug|Any CPU
		{B1867B79-333B-413A-B266-42AE5D816648}.Debug|x64.Build.0 = Debug|Any CPU
		{B1867B79-333B-413A-B266-42AE5D816648}.Debug|x86.ActiveCfg = Debug|Any CPU
		{B1867B79-333B-413A-B266-42AE5D816648}.Debug|x86.Build.0 = Debug|Any CPU
		{B1867B79-333B-413A-B266-42AE5D816648}.Release|Any CPU.ActiveCfg = Release|Any CPU
		{B1867B79-333B-413A-B266-42AE5D816648}.Release|Any CPU.Build.0 = Release|Any CPU
		{B1867B79-333B-413A-B266-42AE5D816648}.Release|x64.ActiveCfg = Release|Any CPU
		{B1867B79-333B-413A-B266-42AE5D816648}.Release|x64.Build.0 = Release|Any CPU
		{B1867B79-333B-413A-B266-42AE5D816648}.Release|x86.ActiveCfg = Release|Any CPU
		{B1867B79-333B-413A-B266-42AE5D816648}.Release|x86.Build.0 = Release|Any CPU
		{91735A6D-AD7E-4200-88A3-531A8D1B639B}.Debug|Any CPU.ActiveCfg = Debug|Any CPU
		{91735A6D-AD7E-4200-88A3-531A8D1B639B}.Debug|Any CPU.Build.0 = Debug|Any CPU
		{91735A6D-AD7E-4200-88A3-531A8D1B639B}.Debug|x64.ActiveCfg = Debug|Any CPU
		{91735A6D-AD7E-4200-88A3-531A8D1B639B}.Debug|x64.Build.0 = Debug|Any CPU
		{91735A6D-AD7E-4200-88A3-531A8D1B639B}.Debug|x86.ActiveCfg = Debug|Any CPU
		{91735A6D-AD7E-4200-88A3-531A8D1B639B}.Debug|x86.Build.0 = Debug|Any CPU
		{91735A6D-AD7E-4200-88A3-531A8D1B639B}.Release|Any CPU.ActiveCfg = Release|Any CPU
		{91735A6D-AD7E-4200-88A3-531A8D1B639B}.Release|Any CPU.Build.0 = Release|Any CPU
		{91735A6D-AD7E-4200-88A3-531A8D1B639B}.Release|x64.ActiveCfg = Release|Any CPU
		{91735A6D-AD7E-4200-88A3-531A8D1B639B}.Release|x64.Build.0 = Release|Any CPU
		{91735A6D-AD7E-4200-88A3-531A8D1B639B}.Release|x86.ActiveCfg = Release|Any CPU
		{91735A6D-AD7E-4200-88A3-531A8D1B639B}.Release|x86.Build.0 = Release|Any CPU
		{757A0C76-BA67-4D16-96C6-7302178FB1AE}.Debug|Any CPU.ActiveCfg = Debug|Any CPU
		{757A0C76-BA67-4D16-96C6-7302178FB1AE}.Debug|Any CPU.Build.0 = Debug|Any CPU
		{757A0C76-BA67-4D16-96C6-7302178FB1AE}.Debug|x64.ActiveCfg = Debug|Any CPU
		{757A0C76-BA67-4D16-96C6-7302178FB1AE}.Debug|x64.Build.0 = Debug|Any CPU
		{757A0C76-BA67-4D16-96C6-7302178FB1AE}.Debug|x86.ActiveCfg = Debug|Any CPU
		{757A0C76-BA67-4D16-96C6-7302178FB1AE}.Debug|x86.Build.0 = Debug|Any CPU
		{757A0C76-BA67-4D16-96C6-7302178FB1AE}.Release|Any CPU.ActiveCfg = Release|Any CPU
		{757A0C76-BA67-4D16-96C6-7302178FB1AE}.Release|Any CPU.Build.0 = Release|Any CPU
		{757A0C76-BA67-4D16-96C6-7302178FB1AE}.Release|x64.ActiveCfg = Release|Any CPU
		{757A0C76-BA67-4D16-96C6-7302178FB1AE}.Release|x64.Build.0 = Release|Any CPU
		{757A0C76-BA67-4D16-96C6-7302178FB1AE}.Release|x86.ActiveCfg = Release|Any CPU
		{757A0C76-BA67-4D16-96C6-7302178FB1AE}.Release|x86.Build.0 = Release|Any CPU
	EndGlobalSection
	GlobalSection(SolutionProperties) = preSolution
		HideSolutionNode = FALSE
	EndGlobalSection
	GlobalSection(ExtensibilityGlobals) = postSolution
		SolutionGuid = {BD9AE4DD-56FE-4139-A6C9-8892F4E9A225}
	EndGlobalSection
EndGlobal
